
Microsoft Visual Studio Solution File, Format Version 12.00
# Visual Studio Version 17
VisualStudioVersion = 17.10.35013.160
MinimumVisualStudioVersion = 10.0.40219.1
Project("{FAE04EC0-301F-11D3-BF4B-00C04F79EFBC}") = "RecvPB", "RecvPB.csproj", "{23D463CE-5750-4BD4-A79E-C8B7E8C8256B}"
EndProject
Global
	GlobalSection(SolutionConfigurationPlatforms) = preSolution
		Debug|Any CPU = Debug|Any CPU
		Release|Any CPU = Release|Any CPU
	EndGlobalSection
	GlobalSection(ProjectConfigurationPlatforms) = postSolution
		{23D463CE-5750-4BD4-A79E-C8B7E8C8256B}.Debug|Any CPU.ActiveCfg = Debug|Any CPU
		{23D463CE-5750-4BD4-A79E-C8B7E8C8256B}.Debug|Any CPU.Build.0 = Debug|Any CPU
		{23D463CE-5750-4BD4-A79E-C8B7E8C8256B}.Release|Any CPU.ActiveCfg = Release|Any CPU
		{23D463CE-5750-4BD4-A79E-C8B7E8C8256B}.Release|Any CPU.Build.0 = Release|Any CPU
	EndGlobalSection
	GlobalSection(SolutionProperties) = preSolution
		HideSolutionNode = FALSE
	EndGlobalSection
	GlobalSection(ExtensibilityGlobals) = postSolution
		SolutionGuid = {0DB873C6-1826-44E3-8355-378175A4BA7B}
	EndGlobalSection
EndGlobal
